
Microsoft Visual Studio Solution File, Format Version 12.00
# Visual Studio Version 17
VisualStudioVersion = 17.0.31903.59
MinimumVisualStudioVersion = 10.0.40219.1
Project("{FAE04EC0-301F-11D3-BF4B-00C04F79EFBC}") = "WebApp", "WebApp\WebApp.csproj", "{412F451D-0DD7-4A53-83F0-532DEE6ADA38}"
EndProject
Project("{FAE04EC0-301F-11D3-BF4B-00C04F79EFBC}") = "ServiceContracts", "ServiceContracts\ServiceContracts.csproj", "{F06F6EF8-10A4-4A28-BDC2-691686901839}"
EndProject
Project("{FAE04EC0-301F-11D3-BF4B-00C04F79EFBC}") = "Services", "Services\Services.csproj", "{22B8E6A7-325D-4468-ABF7-BE0F51316F84}"
EndProject
Global
	GlobalSection(SolutionConfigurationPlatforms) = preSolution
		Debug|Any CPU = Debug|Any CPU
		Release|Any CPU = Release|Any CPU
	EndGlobalSection
	GlobalSection(SolutionProperties) = preSolution
		HideSolutionNode = FALSE
	EndGlobalSection
	GlobalSection(ProjectConfigurationPlatforms) = postSolution
		{412F451D-0DD7-4A53-83F0-532DEE6ADA38}.Debug|Any CPU.ActiveCfg = Debug|Any CPU
		{412F451D-0DD7-4A53-83F0-532DEE6ADA38}.Debug|Any CPU.Build.0 = Debug|Any CPU
		{412F451D-0DD7-4A53-83F0-532DEE6ADA38}.Release|Any CPU.ActiveCfg = Release|Any CPU
		{412F451D-0DD7-4A53-83F0-532DEE6ADA38}.Release|Any CPU.Build.0 = Release|Any CPU
		{F06F6EF8-10A4-4A28-BDC2-691686901839}.Debug|Any CPU.ActiveCfg = Debug|Any CPU
		{F06F6EF8-10A4-4A28-BDC2-691686901839}.Debug|Any CPU.Build.0 = Debug|Any CPU
		{F06F6EF8-10A4-4A28-BDC2-691686901839}.Release|Any CPU.ActiveCfg = Release|Any CPU
		{F06F6EF8-10A4-4A28-BDC2-691686901839}.Release|Any CPU.Build.0 = Release|Any CPU
		{22B8E6A7-325D-4468-ABF7-BE0F51316F84}.Debug|Any CPU.ActiveCfg = Debug|Any CPU
		{22B8E6A7-325D-4468-ABF7-BE0F51316F84}.Debug|Any CPU.Build.0 = Debug|Any CPU
		{22B8E6A7-325D-4468-ABF7-BE0F51316F84}.Release|Any CPU.ActiveCfg = Release|Any CPU
		{22B8E6A7-325D-4468-ABF7-BE0F51316F84}.Release|Any CPU.Build.0 = Release|Any CPU
	EndGlobalSection
EndGlobal
